
Microsoft Visual Studio Solution File, Format Version 12.00
Project("{FAE04EC0-301F-11D3-BF4B-00C04F79EFBC}") = "Azure-VM-Monitor.App", "Azure-VM-Monitor.App\Azure-VM-Monitor.App.csproj", "{B8992FFA-A0FC-41EB-95EA-A737C97BAEFE}"
EndProject
Global
	GlobalSection(SolutionConfigurationPlatforms) = preSolution
		Debug|Any CPU = Debug|Any CPU
		Release|Any CPU = Release|Any CPU
	EndGlobalSection
	GlobalSection(ProjectConfigurationPlatforms) = postSolution
		{B8992FFA-A0FC-41EB-95EA-A737C97BAEFE}.Debug|Any CPU.ActiveCfg = Debug|Any CPU
		{B8992FFA-A0FC-41EB-95EA-A737C97BAEFE}.Debug|Any CPU.Build.0 = Debug|Any CPU
		{B8992FFA-A0FC-41EB-95EA-A737C97BAEFE}.Release|Any CPU.ActiveCfg = Release|Any CPU
		{B8992FFA-A0FC-41EB-95EA-A737C97BAEFE}.Release|Any CPU.Build.0 = Release|Any CPU
	EndGlobalSection
EndGlobal
